
Microsoft Visual Studio Solution File, Format Version 12.00
# Visual Studio 2015
Project("{FAE04EC0-301F-11D3-BF4B-00C04F79EFBC}") = "Dojo.CSharp", "Dojo.CSharp.csproj", "{70E25E91-2674-EDE3-AB77-1A6EC9D3D2C7}"
EndProject
Global
	GlobalSection(SolutionConfigurationPlatforms) = preSolution
		Debug|Any CPU = Debug|Any CPU
		Release|Any CPU = Release|Any CPU
	EndGlobalSection
	GlobalSection(ProjectConfigurationPlatforms) = postSolution
		{70E25E91-2674-EDE3-AB77-1A6EC9D3D2C7}.Debug|Any CPU.ActiveCfg = Debug|Any CPU
		{70E25E91-2674-EDE3-AB77-1A6EC9D3D2C7}.Debug|Any CPU.Build.0 = Debug|Any CPU
		{70E25E91-2674-EDE3-AB77-1A6EC9D3D2C7}.Release|Any CPU.ActiveCfg = Release|Any CPU
		{70E25E91-2674-EDE3-AB77-1A6EC9D3D2C7}.Release|Any CPU.Build.0 = Release|Any CPU
	EndGlobalSection
	GlobalSection(SolutionProperties) = preSolution
		HideSolutionNode = FALSE
	EndGlobalSection
EndGlobal
